{
  "name": "qimem-root",
  "lockfileVersion": 3,
  "requires": true,
  "packages": {
    "": {
      "name": "qimem-root",
      "workspaces": [
        "web"
      ]
    },
    "node_modules/@qimem/sdk": {
      "resolved": "sdk",
      "link": true
    },
    "node_modules/@stablelib/aead": {
      "version": "1.0.1",
      "resolved": "https://registry.npmjs.org/@stablelib/aead/-/aead-1.0.1.tgz",
      "integrity": "sha512-q39ik6sxGHewqtO0nP4BuSe3db5G1fEJE8ukvngS2gLkBXyy6E7pLubhbYgnkDFv6V8cWaxcE4Xn0t6LWcJkyg==",
      "license": "MIT"
    },
    "node_modules/@stablelib/base64": {
      "version": "1.0.1",
      "resolved": "https://registry.npmjs.org/@stablelib/base64/-/base64-1.0.1.tgz",
      "integrity": "sha512-1bnPQqSxSuc3Ii6MhBysoWCg58j97aUjuCSZrGSmDxNqtytIi0k8utUenAwTZN4V5mXXYGsVUI9zeBqy+jBOSQ==",
      "license": "MIT"
    },
    "node_modules/@stablelib/binary": {
      "version": "1.0.1",
      "resolved": "https://registry.npmjs.org/@stablelib/binary/-/binary-1.0.1.tgz",
      "integrity": "sha512-ClJWvmL6UBM/wjkvv/7m5VP3GMr9t0osr4yVgLZsLCOz4hGN9gIAFEqnJ0TsSMAN+n840nf2cHZnA5/KFqHC7Q==",
      "license": "MIT",
      "dependencies": {
        "@stablelib/int": "^1.0.1"
      }
    },
    "node_modules/@stablelib/chacha": {
      "version": "1.0.1",
      "resolved": "https://registry.npmjs.org/@stablelib/chacha/-/chacha-1.0.1.tgz",
      "integrity": "sha512-Pmlrswzr0pBzDofdFuVe1q7KdsHKhhU24e8gkEwnTGOmlC7PADzLVxGdn2PoNVBBabdg0l/IfLKg6sHAbTQugg==",
      "license": "MIT",
      "dependencies": {
        "@stablelib/binary": "^1.0.1",
        "@stablelib/wipe": "^1.0.1"
      }
    },
    "node_modules/@stablelib/chacha20poly1305": {
      "version": "1.0.1",
      "resolved": "https://registry.npmjs.org/@stablelib/chacha20poly1305/-/chacha20poly1305-1.0.1.tgz",
      "integrity": "sha512-MmViqnqHd1ymwjOQfghRKw2R/jMIGT3wySN7cthjXCBdO+qErNPUBnRzqNpnvIwg7JBCg3LdeCZZO4de/yEhVA==",
      "license": "MIT",
      "dependencies": {
        "@stablelib/aead": "^1.0.1",
        "@stablelib/binary": "^1.0.1",
        "@stablelib/chacha": "^1.0.1",
        "@stablelib/constant-time": "^1.0.1",
        "@stablelib/poly1305": "^1.0.1",
        "@stablelib/wipe": "^1.0.1"
      }
    },
    "node_modules/@stablelib/constant-time": {
      "version": "1.0.1",
      "resolved": "https://registry.npmjs.org/@stablelib/constant-time/-/constant-time-1.0.1.tgz",
      "integrity": "sha512-tNOs3uD0vSJcK6z1fvef4Y+buN7DXhzHDPqRLSXUel1UfqMB1PWNsnnAezrKfEwTLpN0cGH2p9NNjs6IqeD0eg==",
      "license": "MIT"
    },
    "node_modules/@stablelib/int": {
      "version": "1.0.1",
      "resolved": "https://registry.npmjs.org/@stablelib/int/-/int-1.0.1.tgz",
      "integrity": "sha512-byr69X/sDtDiIjIV6m4roLVWnNNlRGzsvxw+agj8CIEazqWGOQp2dTYgQhtyVXV9wpO6WyXRQUzLV/JRNumT2w==",
      "license": "MIT"
    },
    "node_modules/@stablelib/poly1305": {
      "version": "1.0.1",
      "resolved": "https://registry.npmjs.org/@stablelib/poly1305/-/poly1305-1.0.1.tgz",
      "integrity": "sha512-1HlG3oTSuQDOhSnLwJRKeTRSAdFNVB/1djy2ZbS35rBSJ/PFqx9cf9qatinWghC2UbfOYD8AcrtbUQl8WoxabA==",
      "license": "MIT",
      "dependencies": {
        "@stablelib/constant-time": "^1.0.1",
        "@stablelib/wipe": "^1.0.1"
      }
    },
    "node_modules/@stablelib/random": {
      "version": "1.0.2",
      "resolved": "https://registry.npmjs.org/@stablelib/random/-/random-1.0.2.tgz",
      "integrity": "sha512-rIsE83Xpb7clHPVRlBj8qNe5L8ISQOzjghYQm/dZ7VaM2KHYwMW5adjQjrzTZCchFnNCNhkwtnOBa9HTMJCI8w==",
      "license": "MIT",
      "dependencies": {
        "@stablelib/binary": "^1.0.1",
        "@stablelib/wipe": "^1.0.1"
      }
    },
    "node_modules/@stablelib/wipe": {
      "version": "1.0.1",
      "resolved": "https://registry.npmjs.org/@stablelib/wipe/-/wipe-1.0.1.tgz",
      "integrity": "sha512-WfqfX/eXGiAd3RJe4VU2snh/ZPwtSjLG4ynQ/vYzvghTh7dHFcI1wl+nrkWG6lGhukOxOsUHfv8dUXr58D0ayg==",
      "license": "MIT"
    },
    "node_modules/qimem-web": {
      "resolved": "web",
      "link": true
    },
    "node_modules/typescript": {
      "version": "5.5.4",
      "resolved": "https://registry.npmjs.org/typescript/-/typescript-5.5.4.tgz",
      "integrity": "sha512-Mtq29sKDAEYP7aljRgtPOpTvOfbwRWlS6dPRzwjdE+C0R4brX/GUyhHSecbHMFLNBLcJIPt9nl9yG5TZ1weH+Q==",
      "dev": true,
      "license": "Apache-2.0",
      "bin": {
        "tsc": "bin/tsc",
        "tsserver": "bin/tsserver"
      },
      "engines": {
        "node": ">=14.17"
      }
    },
    "sdk": {
      "name": "@qimem/sdk",
      "version": "0.1.0",
      "dependencies": {
        "@stablelib/base64": "1.0.1",
        "@stablelib/chacha20poly1305": "1.0.1",
        "@stablelib/random": "1.0.2"
      },
      "devDependencies": {
        "typescript": "5.5.4"
      }
    },
    "web": {
      "name": "qimem-web",
      "version": "0.1.0",
      "dependencies": {
        "@qimem/sdk": "file:../sdk",
        "next": "14.2.5",
        "react": "18.3.1",
        "react-dom": "18.3.1"
      },
      "devDependencies": {
        "@types/node": "20.14.12",
        "@types/react": "18.3.3",
        "@types/react-dom": "18.3.0",
        "typescript": "5.5.4"
      }
    },
    "web/node_modules/@next/env": {
      "version": "14.2.5",
      "license": "MIT"
    },
    "web/node_modules/@next/swc-linux-x64-gnu": {
      "version": "14.2.5",
      "cpu": [
        "x64"
      ],
      "license": "MIT",
      "optional": true,
      "os": [
        "linux"
      ],
      "engines": {
        "node": ">= 10"
      }
    },
    "web/node_modules/@swc/counter": {
      "version": "0.1.3",
      "license": "Apache-2.0"
    },
    "web/node_modules/@swc/helpers": {
      "version": "0.5.5",
      "license": "Apache-2.0",
      "dependencies": {
        "@swc/counter": "^0.1.3",
        "tslib": "^2.4.0"
      }
    },
    "web/node_modules/@types/node": {
      "version": "20.14.12",
      "dev": true,
      "license": "MIT",
      "dependencies": {
        "undici-types": "~5.26.4"
      }
    },
    "web/node_modules/@types/prop-types": {
      "version": "15.7.15",
      "dev": true,
      "license": "MIT"
    },
    "web/node_modules/@types/react": {
      "version": "18.3.3",
      "dev": true,
      "license": "MIT",
      "dependencies": {
        "@types/prop-types": "*",
        "csstype": "^3.0.2"
      }
    },
    "web/node_modules/@types/react-dom": {
      "version": "18.3.0",
      "dev": true,
      "license": "MIT",
      "dependencies": {
        "@types/react": "*"
      }
    },
    "web/node_modules/busboy": {
      "version": "1.6.0",
      "dependencies": {
        "streamsearch": "^1.1.0"
      },
      "engines": {
        "node": ">=10.16.0"
      }
    },
    "web/node_modules/caniuse-lite": {
      "version": "1.0.30001767",
      "funding": [
        {
          "type": "opencollective",
          "url": "https://opencollective.com/browserslist"
        },
        {
          "type": "tidelift",
          "url": "https://tidelift.com/funding/github/npm/caniuse-lite"
        },
        {
          "type": "github",
          "url": "https://github.com/sponsors/ai"
        }
      ],
      "license": "CC-BY-4.0"
    },
    "web/node_modules/client-only": {
      "version": "0.0.1",
      "license": "MIT"
    },
    "web/node_modules/csstype": {
      "version": "3.2.3",
      "dev": true,
      "license": "MIT"
    },
    "web/node_modules/graceful-fs": {
      "version": "4.2.11",
      "license": "ISC"
    },
    "web/node_modules/js-tokens": {
      "version": "4.0.0",
      "license": "MIT"
    },
    "web/node_modules/loose-envify": {
      "version": "1.4.0",
      "license": "MIT",
      "dependencies": {
        "js-tokens": "^3.0.0 || ^4.0.0"
      },
      "bin": {
        "loose-envify": "cli.js"
      }
    },
    "web/node_modules/nanoid": {
      "version": "3.3.11",
      "funding": [
        {
          "type": "github",
          "url": "https://github.com/sponsors/ai"
        }
      ],
      "license": "MIT",
      "bin": {
        "nanoid": "bin/nanoid.cjs"
      },
      "engines": {
        "node": "^10 || ^12 || ^13.7 || ^14 || >=15.0.1"
      }
    },
    "web/node_modules/next": {
      "version": "14.2.5",
      "license": "MIT",
      "dependencies": {
        "@next/env": "14.2.5",
        "@swc/helpers": "0.5.5",
        "busboy": "1.6.0",
        "caniuse-lite": "^1.0.30001579",
        "graceful-fs": "^4.2.11",
        "postcss": "8.4.31",
        "styled-jsx": "5.1.1"
      },
      "bin": {
        "next": "dist/bin/next"
      },
      "engines": {
        "node": ">=18.17.0"
      },
      "optionalDependencies": {
        "@next/swc-darwin-arm64": "14.2.5",
        "@next/swc-darwin-x64": "14.2.5",
        "@next/swc-linux-arm64-gnu": "14.2.5",
        "@next/swc-linux-arm64-musl": "14.2.5",
        "@next/swc-linux-x64-gnu": "14.2.5",
        "@next/swc-linux-x64-musl": "14.2.5",
        "@next/swc-win32-arm64-msvc": "14.2.5",
        "@next/swc-win32-ia32-msvc": "14.2.5",
        "@next/swc-win32-x64-msvc": "14.2.5"
      },
      "peerDependencies": {
        "@opentelemetry/api": "^1.1.0",
        "@playwright/test": "^1.41.2",
        "react": "^18.2.0",
        "react-dom": "^18.2.0",
        "sass": "^1.3.0"
      },
      "peerDependenciesMeta": {
        "@opentelemetry/api": {
          "optional": true
        },
        "@playwright/test": {
          "optional": true
        },
        "sass": {
          "optional": true
        }
      }
    },
    "web/node_modules/picocolors": {
      "version": "1.1.1",
      "license": "ISC"
    },
    "web/node_modules/postcss": {
      "version": "8.4.31",
      "funding": [
        {
          "type": "opencollective",
          "url": "https://opencollective.com/postcss/"
        },
        {
          "type": "tidelift",
          "url": "https://tidelift.com/funding/github/npm/postcss"
        },
        {
          "type": "github",
          "url": "https://github.com/sponsors/ai"
        }
      ],
      "license": "MIT",
      "dependencies": {
        "nanoid": "^3.3.6",
        "picocolors": "^1.0.0",
        "source-map-js": "^1.0.2"
      },
      "engines": {
        "node": "^10 || ^12 || >=14"
      }
    },
    "web/node_modules/react": {
      "version": "18.3.1",
      "license": "MIT",
      "dependencies": {
        "loose-envify": "^1.1.0"
      },
      "engines": {
        "node": ">=0.10.0"
      }
    },
    "web/node_modules/react-dom": {
      "version": "18.3.1",
      "license": "MIT",
      "dependencies": {
        "loose-envify": "^1.1.0",
        "scheduler": "^0.23.2"
      },
      "peerDependencies": {
        "react": "^18.3.1"
      }
    },
    "web/node_modules/scheduler": {
      "version": "0.23.2",
      "license": "MIT",
      "dependencies": {
        "loose-envify": "^1.1.0"
      }
    },
    "web/node_modules/source-map-js": {
      "version": "1.2.1",
      "license": "BSD-3-Clause",
      "engines": {
        "node": ">=0.10.0"
      }
    },
    "web/node_modules/streamsearch": {
      "version": "1.1.0",
      "engines": {
        "node": ">=10.0.0"
      }
    },
    "web/node_modules/styled-jsx": {
      "version": "5.1.1",
      "license": "MIT",
      "dependencies": {
        "client-only": "0.0.1"
      },
      "engines": {
        "node": ">= 12.0.0"
      },
      "peerDependencies": {
        "react": ">= 16.8.0 || 17.x.x || ^18.0.0-0"
      },
      "peerDependenciesMeta": {
        "@babel/core": {
          "optional": true
        },
        "babel-plugin-macros": {
          "optional": true
        }
      }
    },
    "web/node_modules/tslib": {
      "version": "2.8.1",
      "license": "0BSD"
    },
    "web/node_modules/undici-types": {
      "version": "5.26.5",
      "dev": true,
      "license": "MIT"
    }
  }
}
